
Microsoft Visual Studio Solution File, Format Version 12.00
# Visual Studio Version 17
VisualStudioVersion = 17.9.34728.123
MinimumVisualStudioVersion = 10.0.40219.1
Project("{FAE04EC0-301F-11D3-BF4B-00C04F79EFBC}") = "ElegentAPINMN", "ElegentAPINMN\ElegentAPINMN.csproj", "{4AD1DF11-1E25-4A2A-9B09-EE2750EDAF41}"
EndProject
Global
	GlobalSection(SolutionConfigurationPlatforms) = preSolution
		Debug|Any CPU = Debug|Any CPU
		Release|Any CPU = Release|Any CPU
	EndGlobalSection
	GlobalSection(ProjectConfigurationPlatforms) = postSolution
		{4AD1DF11-1E25-4A2A-9B09-EE2750EDAF41}.Debug|Any CPU.ActiveCfg = Debug|Any CPU
		{4AD1DF11-1E25-4A2A-9B09-EE2750EDAF41}.Debug|Any CPU.Build.0 = Debug|Any CPU
		{4AD1DF11-1E25-4A2A-9B09-EE2750EDAF41}.Release|Any CPU.ActiveCfg = Release|Any CPU
		{4AD1DF11-1E25-4A2A-9B09-EE2750EDAF41}.Release|Any CPU.Build.0 = Release|Any CPU
	EndGlobalSection
	GlobalSection(SolutionProperties) = preSolution
		HideSolutionNode = FALSE
	EndGlobalSection
	GlobalSection(ExtensibilityGlobals) = postSolution
		SolutionGuid = {25751076-A61D-42CD-BD66-AE0BFB9308F5}
	EndGlobalSection
EndGlobal
